// !$*UTF8*$!
{
	archiveVersion = 1;
	classes = {
	};
	objectVersion = 56;
	objects = {

/* Begin PBXBuildFile section */
		661C08902BF6B4DC00A881FF /* 4_HKStatisticsCollectionQueryDescriptor.swift in Sources */ = {isa = PBXBuildFile; fileRef = 661C088F2BF6B4DC00A881FF /* 4_HKStatisticsCollectionQueryDescriptor.swift */; };
		661C08922BF6F68B00A881FF /* 5_HKCorrelationQueryView.swift in Sources */ = {isa = PBXBuildFile; fileRef = 661C08912BF6F68B00A881FF /* 5_HKCorrelationQueryView.swift */; };
		661C08942BF6F69F00A881FF /* 6_HKSourceQueryDescriptorView.swift in Sources */ = {isa = PBXBuildFile; fileRef = 661C08932BF6F69F00A881FF /* 6_HKSourceQueryDescriptorView.swift */; };
		661C08962BF6F6A800A881FF /* 7_HKActivitySummaryQueryDescriptor.swift in Sources */ = {isa = PBXBuildFile; fileRef = 661C08952BF6F6A800A881FF /* 7_HKActivitySummaryQueryDescriptor.swift */; };
		663E15ED2BF56643008EABE2 /* 1_HKSampleQueryDescriptor.swift in Sources */ = {isa = PBXBuildFile; fileRef = 663E15EC2BF56643008EABE2 /* 1_HKSampleQueryDescriptor.swift */; };
		663E15EF2BF5666A008EABE2 /* 2_HKAnchoredObjectQueryDescriptor.swift in Sources */ = {isa = PBXBuildFile; fileRef = 663E15EE2BF5666A008EABE2 /* 2_HKAnchoredObjectQueryDescriptor.swift */; };
		663E15F12BF56682008EABE2 /* 3_HKStatisticsQueryDescriptor.swift in Sources */ = {isa = PBXBuildFile; fileRef = 663E15F02BF56682008EABE2 /* 3_HKStatisticsQueryDescriptor.swift */; };
		66765B472BF3859F00EF882B /* WeeklyStepsView.swift in Sources */ = {isa = PBXBuildFile; fileRef = 66765B462BF3859F00EF882B /* WeeklyStepsView.swift */; };
		66765B4F2BF40A2400EF882B /* HealthKitSampleWatchApp.swift in Sources */ = {isa = PBXBuildFile; fileRef = 66765B4E2BF40A2400EF882B /* HealthKitSampleWatchApp.swift */; };
		66765B512BF40A2400EF882B /* ContentView.swift in Sources */ = {isa = PBXBuildFile; fileRef = 66765B502BF40A2400EF882B /* ContentView.swift */; };
		66765B532BF40A2500EF882B /* Assets.xcassets in Resources */ = {isa = PBXBuildFile; fileRef = 66765B522BF40A2500EF882B /* Assets.xcassets */; };
		66765B562BF40A2500EF882B /* Preview Assets.xcassets in Resources */ = {isa = PBXBuildFile; fileRef = 66765B552BF40A2500EF882B /* Preview Assets.xcassets */; };
		66765B592BF40A2500EF882B /* HealthKitSampleWatch Watch App.app in Embed Watch Content */ = {isa = PBXBuildFile; fileRef = 66765B4C2BF40A2400EF882B /* HealthKitSampleWatch Watch App.app */; settings = {ATTRIBUTES = (RemoveHeadersOnCopy, ); }; };
		66765B602BF43E5E00EF882B /* HealthData.swift in Sources */ = {isa = PBXBuildFile; fileRef = 66765B5F2BF43E5E00EF882B /* HealthData.swift */; };
		66765B642BF43ED200EF882B /* HealthKitSupport.swift in Sources */ = {isa = PBXBuildFile; fileRef = 66765B632BF43ED200EF882B /* HealthKitSupport.swift */; };
		66765B662BF43F1400EF882B /* HeartrateView.swift in Sources */ = {isa = PBXBuildFile; fileRef = 66765B652BF43F1400EF882B /* HeartrateView.swift */; };
		66789D982BE09DCF00C67FD3 /* HealthKitSampleApp.swift in Sources */ = {isa = PBXBuildFile; fileRef = 66789D972BE09DCF00C67FD3 /* HealthKitSampleApp.swift */; };
		66789D9A2BE09DCF00C67FD3 /* ContentView.swift in Sources */ = {isa = PBXBuildFile; fileRef = 66789D992BE09DCF00C67FD3 /* ContentView.swift */; };
		66789D9C2BE09DD100C67FD3 /* Assets.xcassets in Resources */ = {isa = PBXBuildFile; fileRef = 66789D9B2BE09DD100C67FD3 /* Assets.xcassets */; };
		66789D9F2BE09DD100C67FD3 /* Preview Assets.xcassets in Resources */ = {isa = PBXBuildFile; fileRef = 66789D9E2BE09DD100C67FD3 /* Preview Assets.xcassets */; };
		66789DA72BEAD4BA00C67FD3 /* HealthData.swift in Sources */ = {isa = PBXBuildFile; fileRef = 66789DA62BEAD4BA00C67FD3 /* HealthData.swift */; };
		66789DA92BEAD56B00C67FD3 /* HealthKitSupport.swift in Sources */ = {isa = PBXBuildFile; fileRef = 66789DA82BEAD56A00C67FD3 /* HealthKitSupport.swift */; };
		66789DAB2BEADA3C00C67FD3 /* StepCountSaveView.swift in Sources */ = {isa = PBXBuildFile; fileRef = 66789DAA2BEADA3C00C67FD3 /* StepCountSaveView.swift */; };
		66789DAD2BEADA4B00C67FD3 /* StepCountReadView.swift in Sources */ = {isa = PBXBuildFile; fileRef = 66789DAC2BEADA4B00C67FD3 /* StepCountReadView.swift */; };
		667D6C402BF8D542004E37A9 /* 8_HKDocumentQuery.swift in Sources */ = {isa = PBXBuildFile; fileRef = 667D6C3F2BF8D542004E37A9 /* 8_HKDocumentQuery.swift */; };
		667D6C422BF8D549004E37A9 /* 9_HKObserverQuery.swift in Sources */ = {isa = PBXBuildFile; fileRef = 667D6C412BF8D549004E37A9 /* 9_HKObserverQuery.swift */; };
		6680A82D2BFB792A00C68F4F /* 5_1_HKCorrelationQueryView.swift in Sources */ = {isa = PBXBuildFile; fileRef = 6680A82C2BFB792A00C68F4F /* 5_1_HKCorrelationQueryView.swift */; };
		66A322BB2BF0F4E10033991B /* StepData.swift in Sources */ = {isa = PBXBuildFile; fileRef = 66A322BA2BF0F4E10033991B /* StepData.swift */; };
/* End PBXBuildFile section */

/* Begin PBXContainerItemProxy section */
		66765B572BF40A2500EF882B /* PBXContainerItemProxy */ = {
			isa = PBXContainerItemProxy;
			containerPortal = 66789D8C2BE09DCF00C67FD3 /* Project object */;
			proxyType = 1;
			remoteGlobalIDString = 66765B4B2BF40A2400EF882B;
			remoteInfo = "HealthKitSampleWatch Watch App";
		};
/* End PBXContainerItemProxy section */

/* Begin PBXCopyFilesBuildPhase section */
		66765B5D2BF40A2500EF882B /* Embed Watch Content */ = {
			isa = PBXCopyFilesBuildPhase;
			buildActionMask = 2147483647;
			dstPath = "$(CONTENTS_FOLDER_PATH)/Watch";
			dstSubfolderSpec = 16;
			files = (
				66765B592BF40A2500EF882B /* HealthKitSampleWatch Watch App.app in Embed Watch Content */,
			);
			name = "Embed Watch Content";
			runOnlyForDeploymentPostprocessing = 0;
		};
/* End PBXCopyFilesBuildPhase section */

/* Begin PBXFileReference section */
		661C088F2BF6B4DC00A881FF /* 4_HKStatisticsCollectionQueryDescriptor.swift */ = {isa = PBXFileReference; lastKnownFileType = sourcecode.swift; path = 4_HKStatisticsCollectionQueryDescriptor.swift; sourceTree = "<group>"; };
		661C08912BF6F68B00A881FF /* 5_HKCorrelationQueryView.swift */ = {isa = PBXFileReference; lastKnownFileType = sourcecode.swift; path = 5_HKCorrelationQueryView.swift; sourceTree = "<group>"; };
		661C08932BF6F69F00A881FF /* 6_HKSourceQueryDescriptorView.swift */ = {isa = PBXFileReference; lastKnownFileType = sourcecode.swift; path = 6_HKSourceQueryDescriptorView.swift; sourceTree = "<group>"; };
		661C08952BF6F6A800A881FF /* 7_HKActivitySummaryQueryDescriptor.swift */ = {isa = PBXFileReference; lastKnownFileType = sourcecode.swift; path = 7_HKActivitySummaryQueryDescriptor.swift; sourceTree = "<group>"; };
		663E15EC2BF56643008EABE2 /* 1_HKSampleQueryDescriptor.swift */ = {isa = PBXFileReference; lastKnownFileType = sourcecode.swift; path = 1_HKSampleQueryDescriptor.swift; sourceTree = "<group>"; };
		663E15EE2BF5666A008EABE2 /* 2_HKAnchoredObjectQueryDescriptor.swift */ = {isa = PBXFileReference; lastKnownFileType = sourcecode.swift; path = 2_HKAnchoredObjectQueryDescriptor.swift; sourceTree = "<group>"; };
		663E15F02BF56682008EABE2 /* 3_HKStatisticsQueryDescriptor.swift */ = {isa = PBXFileReference; lastKnownFileType = sourcecode.swift; path = 3_HKStatisticsQueryDescriptor.swift; sourceTree = "<group>"; };
		66765B462BF3859F00EF882B /* WeeklyStepsView.swift */ = {isa = PBXFileReference; lastKnownFileType = sourcecode.swift; path = WeeklyStepsView.swift; sourceTree = "<group>"; };
		66765B4C2BF40A2400EF882B /* HealthKitSampleWatch Watch App.app */ = {isa = PBXFileReference; explicitFileType = wrapper.application; includeInIndex = 0; path = "HealthKitSampleWatch Watch App.app"; sourceTree = BUILT_PRODUCTS_DIR; };
		66765B4E2BF40A2400EF882B /* HealthKitSampleWatchApp.swift */ = {isa = PBXFileReference; lastKnownFileType = sourcecode.swift; path = HealthKitSampleWatchApp.swift; sourceTree = "<group>"; };
		66765B502BF40A2400EF882B /* ContentView.swift */ = {isa = PBXFileReference; lastKnownFileType = sourcecode.swift; path = ContentView.swift; sourceTree = "<group>"; };
		66765B522BF40A2500EF882B /* Assets.xcassets */ = {isa = PBXFileReference; lastKnownFileType = folder.assetcatalog; path = Assets.xcassets; sourceTree = "<group>"; };
		66765B552BF40A2500EF882B /* Preview Assets.xcassets */ = {isa = PBXFileReference; lastKnownFileType = folder.assetcatalog; path = "Preview Assets.xcassets"; sourceTree = "<group>"; };
		66765B5E2BF40F7300EF882B /* HealthKitSampleWatch Watch App.entitlements */ = {isa = PBXFileReference; lastKnownFileType = text.plist.entitlements; path = "HealthKitSampleWatch Watch App.entitlements"; sourceTree = "<group>"; };
		66765B5F2BF43E5E00EF882B /* HealthData.swift */ = {isa = PBXFileReference; lastKnownFileType = sourcecode.swift; path = HealthData.swift; sourceTree = "<group>"; };
		66765B632BF43ED200EF882B /* HealthKitSupport.swift */ = {isa = PBXFileReference; lastKnownFileType = sourcecode.swift; path = HealthKitSupport.swift; sourceTree = "<group>"; };
		66765B652BF43F1400EF882B /* HeartrateView.swift */ = {isa = PBXFileReference; lastKnownFileType = sourcecode.swift; path = HeartrateView.swift; sourceTree = "<group>"; };
		66789D942BE09DCF00C67FD3 /* HealthKitSample.app */ = {isa = PBXFileReference; explicitFileType = wrapper.application; includeInIndex = 0; path = HealthKitSample.app; sourceTree = BUILT_PRODUCTS_DIR; };
		66789D972BE09DCF00C67FD3 /* HealthKitSampleApp.swift */ = {isa = PBXFileReference; lastKnownFileType = sourcecode.swift; path = HealthKitSampleApp.swift; sourceTree = "<group>"; };
		66789D992BE09DCF00C67FD3 /* ContentView.swift */ = {isa = PBXFileReference; lastKnownFileType = sourcecode.swift; path = ContentView.swift; sourceTree = "<group>"; };
		66789D9B2BE09DD100C67FD3 /* Assets.xcassets */ = {isa = PBXFileReference; lastKnownFileType = folder.assetcatalog; path = Assets.xcassets; sourceTree = "<group>"; };
		66789D9E2BE09DD100C67FD3 /* Preview Assets.xcassets */ = {isa = PBXFileReference; lastKnownFileType = folder.assetcatalog; path = "Preview Assets.xcassets"; sourceTree = "<group>"; };
		66789DA52BE09E9100C67FD3 /* HealthKitSample.entitlements */ = {isa = PBXFileReference; lastKnownFileType = text.plist.entitlements; path = HealthKitSample.entitlements; sourceTree = "<group>"; };
		66789DA62BEAD4BA00C67FD3 /* HealthData.swift */ = {isa = PBXFileReference; lastKnownFileType = sourcecode.swift; path = HealthData.swift; sourceTree = "<group>"; };
		66789DA82BEAD56A00C67FD3 /* HealthKitSupport.swift */ = {isa = PBXFileReference; lastKnownFileType = sourcecode.swift; path = HealthKitSupport.swift; sourceTree = "<group>"; };
		66789DAA2BEADA3C00C67FD3 /* StepCountSaveView.swift */ = {isa = PBXFileReference; lastKnownFileType = sourcecode.swift; path = StepCountSaveView.swift; sourceTree = "<group>"; };
		66789DAC2BEADA4B00C67FD3 /* StepCountReadView.swift */ = {isa = PBXFileReference; lastKnownFileType = sourcecode.swift; path = StepCountReadView.swift; sourceTree = "<group>"; };
		667D6C3F2BF8D542004E37A9 /* 8_HKDocumentQuery.swift */ = {isa = PBXFileReference; lastKnownFileType = sourcecode.swift; path = 8_HKDocumentQuery.swift; sourceTree = "<group>"; };
		667D6C412BF8D549004E37A9 /* 9_HKObserverQuery.swift */ = {isa = PBXFileReference; lastKnownFileType = sourcecode.swift; path = 9_HKObserverQuery.swift; sourceTree = "<group>"; };
		6680A82C2BFB792A00C68F4F /* 5_1_HKCorrelationQueryView.swift */ = {isa = PBXFileReference; lastKnownFileType = sourcecode.swift; path = 5_1_HKCorrelationQueryView.swift; sourceTree = "<group>"; };
		66A322BA2BF0F4E10033991B /* StepData.swift */ = {isa = PBXFileReference; lastKnownFileType = sourcecode.swift; path = StepData.swift; sourceTree = "<group>"; };
/* End PBXFileReference section */

/* Begin PBXFrameworksBuildPhase section */
		66765B492BF40A2400EF882B /* Frameworks */ = {
			isa = PBXFrameworksBuildPhase;
			buildActionMask = 2147483647;
			files = (
			);
			runOnlyForDeploymentPostprocessing = 0;
		};
		66789D912BE09DCF00C67FD3 /* Frameworks */ = {
			isa = PBXFrameworksBuildPhase;
			buildActionMask = 2147483647;
			files = (
			);
			runOnlyForDeploymentPostprocessing = 0;
		};
/* End PBXFrameworksBuildPhase section */

/* Begin PBXGroup section */
		66765B4D2BF40A2400EF882B /* HealthKitSampleWatch Watch App */ = {
			isa = PBXGroup;
			children = (
				66765B5E2BF40F7300EF882B /* HealthKitSampleWatch Watch App.entitlements */,
				66765B4E2BF40A2400EF882B /* HealthKitSampleWatchApp.swift */,
				66765B612BF43E9F00EF882B /* View */,
				66765B622BF43EAF00EF882B /* Utilities */,
				66765B522BF40A2500EF882B /* Assets.xcassets */,
				66765B542BF40A2500EF882B /* Preview Content */,
			);
			path = "HealthKitSampleWatch Watch App";
			sourceTree = "<group>";
		};
		66765B542BF40A2500EF882B /* Preview Content */ = {
			isa = PBXGroup;
			children = (
				66765B552BF40A2500EF882B /* Preview Assets.xcassets */,
			);
			path = "Preview Content";
			sourceTree = "<group>";
		};
		66765B612BF43E9F00EF882B /* View */ = {
			isa = PBXGroup;
			children = (
				66765B502BF40A2400EF882B /* ContentView.swift */,
				66765B652BF43F1400EF882B /* HeartrateView.swift */,
			);
			path = View;
			sourceTree = "<group>";
		};
		66765B622BF43EAF00EF882B /* Utilities */ = {
			isa = PBXGroup;
			children = (
				66765B5F2BF43E5E00EF882B /* HealthData.swift */,
				66765B632BF43ED200EF882B /* HealthKitSupport.swift */,
			);
			path = Utilities;
			sourceTree = "<group>";
		};
		66789D8B2BE09DCF00C67FD3 = {
			isa = PBXGroup;
			children = (
				66789D962BE09DCF00C67FD3 /* HealthKitSample */,
				66765B4D2BF40A2400EF882B /* HealthKitSampleWatch Watch App */,
				66789D952BE09DCF00C67FD3 /* Products */,
			);
			sourceTree = "<group>";
		};
		66789D952BE09DCF00C67FD3 /* Products */ = {
			isa = PBXGroup;
			children = (
				66789D942BE09DCF00C67FD3 /* HealthKitSample.app */,
				66765B4C2BF40A2400EF882B /* HealthKitSampleWatch Watch App.app */,
			);
			name = Products;
			sourceTree = "<group>";
		};
		66789D962BE09DCF00C67FD3 /* HealthKitSample */ = {
			isa = PBXGroup;
			children = (
				66789DA52BE09E9100C67FD3 /* HealthKitSample.entitlements */,
				66789D972BE09DCF00C67FD3 /* HealthKitSampleApp.swift */,
				66A322B92BF0F4C50033991B /* Model */,
				66789DAF2BEB793100C67FD3 /* View */,
				66789DAE2BEB791400C67FD3 /* Utilities */,
				66789D9B2BE09DD100C67FD3 /* Assets.xcassets */,
				66789D9D2BE09DD100C67FD3 /* Preview Content */,
			);
			path = HealthKitSample;
			sourceTree = "<group>";
		};
		66789D9D2BE09DD100C67FD3 /* Preview Content */ = {
			isa = PBXGroup;
			children = (
				66789D9E2BE09DD100C67FD3 /* Preview Assets.xcassets */,
			);
			path = "Preview Content";
			sourceTree = "<group>";
		};
		66789DAE2BEB791400C67FD3 /* Utilities */ = {
			isa = PBXGroup;
			children = (
				66789DA62BEAD4BA00C67FD3 /* HealthData.swift */,
				66789DA82BEAD56A00C67FD3 /* HealthKitSupport.swift */,
			);
			path = Utilities;
			sourceTree = "<group>";
		};
		66789DAF2BEB793100C67FD3 /* View */ = {
			isa = PBXGroup;
			children = (
				66789D992BE09DCF00C67FD3 /* ContentView.swift */,
				66789DAA2BEADA3C00C67FD3 /* StepCountSaveView.swift */,
				66789DAC2BEADA4B00C67FD3 /* StepCountReadView.swift */,
				66765B462BF3859F00EF882B /* WeeklyStepsView.swift */,
				663E15EC2BF56643008EABE2 /* 1_HKSampleQueryDescriptor.swift */,
				663E15EE2BF5666A008EABE2 /* 2_HKAnchoredObjectQueryDescriptor.swift */,
				663E15F02BF56682008EABE2 /* 3_HKStatisticsQueryDescriptor.swift */,
				661C088F2BF6B4DC00A881FF /* 4_HKStatisticsCollectionQueryDescriptor.swift */,
				661C08912BF6F68B00A881FF /* 5_HKCorrelationQueryView.swift */,
				6680A82C2BFB792A00C68F4F /* 5_1_HKCorrelationQueryView.swift */,
				661C08932BF6F69F00A881FF /* 6_HKSourceQueryDescriptorView.swift */,
				661C08952BF6F6A800A881FF /* 7_HKActivitySummaryQueryDescriptor.swift */,
				667D6C3F2BF8D542004E37A9 /* 8_HKDocumentQuery.swift */,
				667D6C412BF8D549004E37A9 /* 9_HKObserverQuery.swift */,
			);
			path = View;
			sourceTree = "<group>";
		};
		66A322B92BF0F4C50033991B /* Model */ = {
			isa = PBXGroup;
			children = (
				66A322BA2BF0F4E10033991B /* StepData.swift */,
			);
			path = Model;
			sourceTree = "<group>";
		};
/* End PBXGroup section */

/* Begin PBXNativeTarget section */
		66765B4B2BF40A2400EF882B /* HealthKitSampleWatch Watch App */ = {
			isa = PBXNativeTarget;
			buildConfigurationList = 66765B5A2BF40A2500EF882B /* Build configuration list for PBXNativeTarget "HealthKitSampleWatch Watch App" */;
			buildPhases = (
				66765B482BF40A2400EF882B /* Sources */,
				66765B492BF40A2400EF882B /* Frameworks */,
				66765B4A2BF40A2400EF882B /* Resources */,
			);
			buildRules = (
			);
			dependencies = (
			);
			name = "HealthKitSampleWatch Watch App";
			productName = "HealthKitSampleWatch Watch App";
			productReference = 66765B4C2BF40A2400EF882B /* HealthKitSampleWatch Watch App.app */;
			productType = "com.apple.product-type.application";
		};
		66789D932BE09DCF00C67FD3 /* HealthKitSample */ = {
			isa = PBXNativeTarget;
			buildConfigurationList = 66789DA22BE09DD100C67FD3 /* Build configuration list for PBXNativeTarget "HealthKitSample" */;
			buildPhases = (
				66789D902BE09DCF00C67FD3 /* Sources */,
				66789D912BE09DCF00C67FD3 /* Frameworks */,
				66789D922BE09DCF00C67FD3 /* Resources */,
				66765B5D2BF40A2500EF882B /* Embed Watch Content */,
			);
			buildRules = (
			);
			dependencies = (
				66765B582BF40A2500EF882B /* PBXTargetDependency */,
			);
			name = HealthKitSample;
			productName = HealthKitSample;
			productReference = 66789D942BE09DCF00C67FD3 /* HealthKitSample.app */;
			productType = "com.apple.product-type.application";
		};
/* End PBXNativeTarget section */

/* Begin PBXProject section */
		66789D8C2BE09DCF00C67FD3 /* Project object */ = {
			isa = PBXProject;
			attributes = {
				BuildIndependentTargetsInParallel = 1;
				LastSwiftUpdateCheck = 1520;
				LastUpgradeCheck = 1520;
				TargetAttributes = {
					66765B4B2BF40A2400EF882B = {
						CreatedOnToolsVersion = 15.2;
					};
					66789D932BE09DCF00C67FD3 = {
						CreatedOnToolsVersion = 15.2;
					};
				};
			};
			buildConfigurationList = 66789D8F2BE09DCF00C67FD3 /* Build configuration list for PBXProject "HealthKitSample" */;
			compatibilityVersion = "Xcode 14.0";
			developmentRegion = en;
			hasScannedForEncodings = 0;
			knownRegions = (
				en,
				Base,
			);
			mainGroup = 66789D8B2BE09DCF00C67FD3;
			productRefGroup = 66789D952BE09DCF00C67FD3 /* Products */;
			projectDirPath = "";
			projectRoot = "";
			targets = (
				66789D932BE09DCF00C67FD3 /* HealthKitSample */,
				66765B4B2BF40A2400EF882B /* HealthKitSampleWatch Watch App */,
			);
		};
/* End PBXProject section */

/* Begin PBXResourcesBuildPhase section */
		66765B4A2BF40A2400EF882B /* Resources */ = {
			isa = PBXResourcesBuildPhase;
			buildActionMask = 2147483647;
			files = (
				66765B562BF40A2500EF882B /* Preview Assets.xcassets in Resources */,
				66765B532BF40A2500EF882B /* Assets.xcassets in Resources */,
			);
			runOnlyForDeploymentPostprocessing = 0;
		};
		66789D922BE09DCF00C67FD3 /* Resources */ = {
			isa = PBXResourcesBuildPhase;
			buildActionMask = 2147483647;
			files = (
				66789D9F2BE09DD100C67FD3 /* Preview Assets.xcassets in Resources */,
				66789D9C2BE09DD100C67FD3 /* Assets.xcassets in Resources */,
			);
			runOnlyForDeploymentPostprocessing = 0;
		};
/* End PBXResourcesBuildPhase section */

/* Begin PBXSourcesBuildPhase section */
		66765B482BF40A2400EF882B /* Sources */ = {
			isa = PBXSourcesBuildPhase;
			buildActionMask = 2147483647;
			files = (
				66765B642BF43ED200EF882B /* HealthKitSupport.swift in Sources */,
				66765B602BF43E5E00EF882B /* HealthData.swift in Sources */,
				66765B512BF40A2400EF882B /* ContentView.swift in Sources */,
				66765B662BF43F1400EF882B /* HeartrateView.swift in Sources */,
				66765B4F2BF40A2400EF882B /* HealthKitSampleWatchApp.swift in Sources */,
			);
			runOnlyForDeploymentPostprocessing = 0;
		};
		66789D902BE09DCF00C67FD3 /* Sources */ = {
			isa = PBXSourcesBuildPhase;
			buildActionMask = 2147483647;
			files = (
				66789DA92BEAD56B00C67FD3 /* HealthKitSupport.swift in Sources */,
				663E15EF2BF5666A008EABE2 /* 2_HKAnchoredObjectQueryDescriptor.swift in Sources */,
				661C08922BF6F68B00A881FF /* 5_HKCorrelationQueryView.swift in Sources */,
				66A322BB2BF0F4E10033991B /* StepData.swift in Sources */,
				663E15ED2BF56643008EABE2 /* 1_HKSampleQueryDescriptor.swift in Sources */,
				66789DA72BEAD4BA00C67FD3 /* HealthData.swift in Sources */,
				667D6C422BF8D549004E37A9 /* 9_HKObserverQuery.swift in Sources */,
				661C08902BF6B4DC00A881FF /* 4_HKStatisticsCollectionQueryDescriptor.swift in Sources */,
				66765B472BF3859F00EF882B /* WeeklyStepsView.swift in Sources */,
				661C08962BF6F6A800A881FF /* 7_HKActivitySummaryQueryDescriptor.swift in Sources */,
				661C08942BF6F69F00A881FF /* 6_HKSourceQueryDescriptorView.swift in Sources */,
				667D6C402BF8D542004E37A9 /* 8_HKDocumentQuery.swift in Sources */,
				663E15F12BF56682008EABE2 /* 3_HKStatisticsQueryDescriptor.swift in Sources */,
				66789DAD2BEADA4B00C67FD3 /* StepCountReadView.swift in Sources */,
				66789D9A2BE09DCF00C67FD3 /* ContentView.swift in Sources */,
				66789DAB2BEADA3C00C67FD3 /* StepCountSaveView.swift in Sources */,
				6680A82D2BFB792A00C68F4F /* 5_1_HKCorrelationQueryView.swift in Sources */,
				66789D982BE09DCF00C67FD3 /* HealthKitSampleApp.swift in Sources */,
			);
			runOnlyForDeploymentPostprocessing = 0;
		};
/* End PBXSourcesBuildPhase section */

/* Begin PBXTargetDependency section */
		66765B582BF40A2500EF882B /* PBXTargetDependency */ = {
			isa = PBXTargetDependency;
			target = 66765B4B2BF40A2400EF882B /* HealthKitSampleWatch Watch App */;
			targetProxy = 66765B572BF40A2500EF882B /* PBXContainerItemProxy */;
		};
/* End PBXTargetDependency section */

/* Begin XCBuildConfiguration section */
		66765B5B2BF40A2500EF882B /* Debug */ = {
			isa = XCBuildConfiguration;
			buildSettings = {
				ASSETCATALOG_COMPILER_APPICON_NAME = AppIcon;
				ASSETCATALOG_COMPILER_GLOBAL_ACCENT_COLOR_NAME = AccentColor;
				CODE_SIGN_ENTITLEMENTS = "HealthKitSampleWatch Watch App/HealthKitSampleWatch Watch App.entitlements";
				CODE_SIGN_STYLE = Automatic;
				CURRENT_PROJECT_VERSION = 1;
				DEVELOPMENT_ASSET_PATHS = "\"HealthKitSampleWatch Watch App/Preview Content\"";
				DEVELOPMENT_TEAM = DJ7VR35KC8;
				ENABLE_PREVIEWS = YES;
				GENERATE_INFOPLIST_FILE = YES;
				INFOPLIST_KEY_CFBundleDisplayName = HealthKitSampleWatch;
				INFOPLIST_KEY_NSHealthShareUsageDescription = "アプリ上でヘルスデータの読み取りを行うため、権限を許可する必要があります。";
				INFOPLIST_KEY_NSHealthUpdateUsageDescription = "アプリ上でヘルスデータの更新を行うため、権限を許可する必要があります。";
				INFOPLIST_KEY_UISupportedInterfaceOrientations = "UIInterfaceOrientationPortrait UIInterfaceOrientationPortraitUpsideDown";
				INFOPLIST_KEY_WKCompanionAppBundleIdentifier = ryomuranaka.HealthKitSample;
				LD_RUNPATH_SEARCH_PATHS = (
					"$(inherited)",
					"@executable_path/Frameworks",
				);
				MARKETING_VERSION = 1.0;
				PRODUCT_BUNDLE_IDENTIFIER = ryomuranaka.HealthKitSample.watchkitapp;
				PRODUCT_NAME = "$(TARGET_NAME)";
				SDKROOT = watchos;
				SKIP_INSTALL = YES;
				SWIFT_EMIT_LOC_STRINGS = YES;
				SWIFT_VERSION = 5.0;
				TARGETED_DEVICE_FAMILY = 4;
				WATCHOS_DEPLOYMENT_TARGET = 10.2;
			};
			name = Debug;
		};
		66765B5C2BF40A2500EF882B /* Release */ = {
			isa = XCBuildConfiguration;
			buildSettings = {
				ASSETCATALOG_COMPILER_APPICON_NAME = AppIcon;
				ASSETCATALOG_COMPILER_GLOBAL_ACCENT_COLOR_NAME = AccentColor;
				CODE_SIGN_ENTITLEMENTS = "HealthKitSampleWatch Watch App/HealthKitSampleWatch Watch App.entitlements";
				CODE_SIGN_STYLE = Automatic;
				CURRENT_PROJECT_VERSION = 1;
				DEVELOPMENT_ASSET_PATHS = "\"HealthKitSampleWatch Watch App/Preview Content\"";
				DEVELOPMENT_TEAM = DJ7VR35KC8;
				ENABLE_PREVIEWS = YES;
				GENERATE_INFOPLIST_FILE = YES;
				INFOPLIST_KEY_CFBundleDisplayName = HealthKitSampleWatch;
				INFOPLIST_KEY_NSHealthShareUsageDescription = "アプリ上でヘルスデータの読み取りを行うため、権限を許可する必要があります。";
				INFOPLIST_KEY_NSHealthUpdateUsageDescription = "アプリ上でヘルスデータの更新を行うため、権限を許可する必要があります。";
				INFOPLIST_KEY_UISupportedInterfaceOrientations = "UIInterfaceOrientationPortrait UIInterfaceOrientationPortraitUpsideDown";
				INFOPLIST_KEY_WKCompanionAppBundleIdentifier = ryomuranaka.HealthKitSample;
				LD_RUNPATH_SEARCH_PATHS = (
					"$(inherited)",
					"@executable_path/Frameworks",
				);
				MARKETING_VERSION = 1.0;
				PRODUCT_BUNDLE_IDENTIFIER = ryomuranaka.HealthKitSample.watchkitapp;
				PRODUCT_NAME = "$(TARGET_NAME)";
				SDKROOT = watchos;
				SKIP_INSTALL = YES;
				SWIFT_EMIT_LOC_STRINGS = YES;
				SWIFT_VERSION = 5.0;
				TARGETED_DEVICE_FAMILY = 4;
				WATCHOS_DEPLOYMENT_TARGET = 10.2;
			};
			name = Release;
		};
		66789DA02BE09DD100C67FD3 /* Debug */ = {
			isa = XCBuildConfiguration;
			buildSettings = {
				ALWAYS_SEARCH_USER_PATHS = NO;
				ASSETCATALOG_COMPILER_GENERATE_SWIFT_ASSET_SYMBOL_EXTENSIONS = YES;
				CLANG_ANALYZER_NONNULL = YES;
				CLANG_ANALYZER_NUMBER_OBJECT_CONVERSION = YES_AGGRESSIVE;
				CLANG_CXX_LANGUAGE_STANDARD = "gnu++20";
				CLANG_ENABLE_MODULES = YES;
				CLANG_ENABLE_OBJC_ARC = YES;
				CLANG_ENABLE_OBJC_WEAK = YES;
				CLANG_WARN_BLOCK_CAPTURE_AUTORELEASING = YES;
				CLANG_WARN_BOOL_CONVERSION = YES;
				CLANG_WARN_COMMA = YES;
				CLANG_WARN_CONSTANT_CONVERSION = YES;
				CLANG_WARN_DEPRECATED_OBJC_IMPLEMENTATIONS = YES;
				CLANG_WARN_DIRECT_OBJC_ISA_USAGE = YES_ERROR;
				CLANG_WARN_DOCUMENTATION_COMMENTS = YES;
				CLANG_WARN_EMPTY_BODY = YES;
				CLANG_WARN_ENUM_CONVERSION = YES;
				CLANG_WARN_INFINITE_RECURSION = YES;
				CLANG_WARN_INT_CONVERSION = YES;
				CLANG_WARN_NON_LITERAL_NULL_CONVERSION = YES;
				CLANG_WARN_OBJC_IMPLICIT_RETAIN_SELF = YES;
				CLANG_WARN_OBJC_LITERAL_CONVERSION = YES;
				CLANG_WARN_OBJC_ROOT_CLASS = YES_ERROR;
				CLANG_WARN_QUOTED_INCLUDE_IN_FRAMEWORK_HEADER = YES;
				CLANG_WARN_RANGE_LOOP_ANALYSIS = YES;
				CLANG_WARN_STRICT_PROTOTYPES = YES;
				CLANG_WARN_SUSPICIOUS_MOVE = YES;
				CLANG_WARN_UNGUARDED_AVAILABILITY = YES_AGGRESSIVE;
				CLANG_WARN_UNREACHABLE_CODE = YES;
				CLANG_WARN__DUPLICATE_METHOD_MATCH = YES;
				COPY_PHASE_STRIP = NO;
				DEBUG_INFORMATION_FORMAT = dwarf;
				ENABLE_STRICT_OBJC_MSGSEND = YES;
				ENABLE_TESTABILITY = YES;
				ENABLE_USER_SCRIPT_SANDBOXING = YES;
				GCC_C_LANGUAGE_STANDARD = gnu17;
				GCC_DYNAMIC_NO_PIC = NO;
				GCC_NO_COMMON_BLOCKS = YES;
				GCC_OPTIMIZATION_LEVEL = 0;
				GCC_PREPROCESSOR_DEFINITIONS = (
					"DEBUG=1",
					"$(inherited)",
				);
				GCC_WARN_64_TO_32_BIT_CONVERSION = YES;
				GCC_WARN_ABOUT_RETURN_TYPE = YES_ERROR;
				GCC_WARN_UNDECLARED_SELECTOR = YES;
				GCC_WARN_UNINITIALIZED_AUTOS = YES_AGGRESSIVE;
				GCC_WARN_UNUSED_FUNCTION = YES;
				GCC_WARN_UNUSED_VARIABLE = YES;
				IPHONEOS_DEPLOYMENT_TARGET = 17.2;
				LOCALIZATION_PREFERS_STRING_CATALOGS = YES;
				MTL_ENABLE_DEBUG_INFO = INCLUDE_SOURCE;
				MTL_FAST_MATH = YES;
				ONLY_ACTIVE_ARCH = YES;
				SDKROOT = iphoneos;
				SWIFT_ACTIVE_COMPILATION_CONDITIONS = "DEBUG $(inherited)";
				SWIFT_OPTIMIZATION_LEVEL = "-Onone";
			};
			name = Debug;
		};
		66789DA12BE09DD100C67FD3 /* Release */ = {
			isa = XCBuildConfiguration;
			buildSettings = {
				ALWAYS_SEARCH_USER_PATHS = NO;
				ASSETCATALOG_COMPILER_GENERATE_SWIFT_ASSET_SYMBOL_EXTENSIONS = YES;
				CLANG_ANALYZER_NONNULL = YES;
				CLANG_ANALYZER_NUMBER_OBJECT_CONVERSION = YES_AGGRESSIVE;
				CLANG_CXX_LANGUAGE_STANDARD = "gnu++20";
				CLANG_ENABLE_MODULES = YES;
				CLANG_ENABLE_OBJC_ARC = YES;
				CLANG_ENABLE_OBJC_WEAK = YES;
				CLANG_WARN_BLOCK_CAPTURE_AUTORELEASING = YES;
				CLANG_WARN_BOOL_CONVERSION = YES;
				CLANG_WARN_COMMA = YES;
				CLANG_WARN_CONSTANT_CONVERSION = YES;
				CLANG_WARN_DEPRECATED_OBJC_IMPLEMENTATIONS = YES;
				CLANG_WARN_DIRECT_OBJC_ISA_USAGE = YES_ERROR;
				CLANG_WARN_DOCUMENTATION_COMMENTS = YES;
				CLANG_WARN_EMPTY_BODY = YES;
				CLANG_WARN_ENUM_CONVERSION = YES;
				CLANG_WARN_INFINITE_RECURSION = YES;
				CLANG_WARN_INT_CONVERSION = YES;
				CLANG_WARN_NON_LITERAL_NULL_CONVERSION = YES;
				CLANG_WARN_OBJC_IMPLICIT_RETAIN_SELF = YES;
				CLANG_WARN_OBJC_LITERAL_CONVERSION = YES;
				CLANG_WARN_OBJC_ROOT_CLASS = YES_ERROR;
				CLANG_WARN_QUOTED_INCLUDE_IN_FRAMEWORK_HEADER = YES;
				CLANG_WARN_RANGE_LOOP_ANALYSIS = YES;
				CLANG_WARN_STRICT_PROTOTYPES = YES;
				CLANG_WARN_SUSPICIOUS_MOVE = YES;
				CLANG_WARN_UNGUARDED_AVAILABILITY = YES_AGGRESSIVE;
				CLANG_WARN_UNREACHABLE_CODE = YES;
				CLANG_WARN__DUPLICATE_METHOD_MATCH = YES;
				COPY_PHASE_STRIP = NO;
				DEBUG_INFORMATION_FORMAT = "dwarf-with-dsym";
				ENABLE_NS_ASSERTIONS = NO;
				ENABLE_STRICT_OBJC_MSGSEND = YES;
				ENABLE_USER_SCRIPT_SANDBOXING = YES;
				GCC_C_LANGUAGE_STANDARD = gnu17;
				GCC_NO_COMMON_BLOCKS = YES;
				GCC_WARN_64_TO_32_BIT_CONVERSION = YES;
				GCC_WARN_ABOUT_RETURN_TYPE = YES_ERROR;
				GCC_WARN_UNDECLARED_SELECTOR = YES;
				GCC_WARN_UNINITIALIZED_AUTOS = YES_AGGRESSIVE;
				GCC_WARN_UNUSED_FUNCTION = YES;
				GCC_WARN_UNUSED_VARIABLE = YES;
				IPHONEOS_DEPLOYMENT_TARGET = 17.2;
				LOCALIZATION_PREFERS_STRING_CATALOGS = YES;
				MTL_ENABLE_DEBUG_INFO = NO;
				MTL_FAST_MATH = YES;
				SDKROOT = iphoneos;
				SWIFT_COMPILATION_MODE = wholemodule;
				VALIDATE_PRODUCT = YES;
			};
			name = Release;
		};
		66789DA32BE09DD100C67FD3 /* Debug */ = {
			isa = XCBuildConfiguration;
			buildSettings = {
				ALWAYS_EMBED_SWIFT_STANDARD_LIBRARIES = YES;
				ASSETCATALOG_COMPILER_APPICON_NAME = AppIcon;
				ASSETCATALOG_COMPILER_GLOBAL_ACCENT_COLOR_NAME = AccentColor;
				CODE_SIGN_ENTITLEMENTS = HealthKitSample/HealthKitSample.entitlements;
				CODE_SIGN_STYLE = Automatic;
				CURRENT_PROJECT_VERSION = 1;
				DEVELOPMENT_ASSET_PATHS = "\"HealthKitSample/Preview Content\"";
				DEVELOPMENT_TEAM = DJ7VR35KC8;
				ENABLE_PREVIEWS = YES;
				GENERATE_INFOPLIST_FILE = YES;
				INFOPLIST_KEY_LSApplicationCategoryType = "";
				INFOPLIST_KEY_NSHealthShareUsageDescription = "アプリ上でヘルスデータの読み取りを行うため、権限を許可する必要があります。";
				INFOPLIST_KEY_NSHealthUpdateUsageDescription = "アプリ上でヘルスデータの更新を行うため、権限を許可する必要があります。";
				INFOPLIST_KEY_UIApplicationSceneManifest_Generation = YES;
				INFOPLIST_KEY_UIApplicationSupportsIndirectInputEvents = YES;
				INFOPLIST_KEY_UILaunchScreen_Generation = YES;
				INFOPLIST_KEY_UISupportedInterfaceOrientations_iPad = "UIInterfaceOrientationPortrait UIInterfaceOrientationPortraitUpsideDown UIInterfaceOrientationLandscapeLeft UIInterfaceOrientationLandscapeRight";
				INFOPLIST_KEY_UISupportedInterfaceOrientations_iPhone = "UIInterfaceOrientationPortrait UIInterfaceOrientationLandscapeLeft UIInterfaceOrientationLandscapeRight";
				LD_RUNPATH_SEARCH_PATHS = (
					"$(inherited)",
					"@executable_path/Frameworks",
				);
				MARKETING_VERSION = 1.0;
				PRODUCT_BUNDLE_IDENTIFIER = ryomuranaka.HealthKitSample;
				PRODUCT_NAME = "$(TARGET_NAME)";
				SWIFT_EMIT_LOC_STRINGS = YES;
				SWIFT_VERSION = 5.0;
				TARGETED_DEVICE_FAMILY = "1,2";
			};
			name = Debug;
		};
		66789DA42BE09DD100C67FD3 /* Release */ = {
			isa = XCBuildConfiguration;
			buildSettings = {
				ALWAYS_EMBED_SWIFT_STANDARD_LIBRARIES = YES;
				ASSETCATALOG_COMPILER_APPICON_NAME = AppIcon;
				ASSETCATALOG_COMPILER_GLOBAL_ACCENT_COLOR_NAME = AccentColor;
				CODE_SIGN_ENTITLEMENTS = HealthKitSample/HealthKitSample.entitlements;
				CODE_SIGN_STYLE = Automatic;
				CURRENT_PROJECT_VERSION = 1;
				DEVELOPMENT_ASSET_PATHS = "\"HealthKitSample/Preview Content\"";
				DEVELOPMENT_TEAM = DJ7VR35KC8;
				ENABLE_PREVIEWS = YES;
				GENERATE_INFOPLIST_FILE = YES;
				INFOPLIST_KEY_LSApplicationCategoryType = "";
				INFOPLIST_KEY_NSHealthShareUsageDescription = "アプリ上でヘルスデータの読み取りを行うため、権限を許可する必要があります。";
				INFOPLIST_KEY_NSHealthUpdateUsageDescription = "アプリ上でヘルスデータの更新を行うため、権限を許可する必要があります。";
				INFOPLIST_KEY_UIApplicationSceneManifest_Generation = YES;
				INFOPLIST_KEY_UIApplicationSupportsIndirectInputEvents = YES;
				INFOPLIST_KEY_UILaunchScreen_Generation = YES;
				INFOPLIST_KEY_UISupportedInterfaceOrientations_iPad = "UIInterfaceOrientationPortrait UIInterfaceOrientationPortraitUpsideDown UIInterfaceOrientationLandscapeLeft UIInterfaceOrientationLandscapeRight";
				INFOPLIST_KEY_UISupportedInterfaceOrientations_iPhone = "UIInterfaceOrientationPortrait UIInterfaceOrientationLandscapeLeft UIInterfaceOrientationLandscapeRight";
				LD_RUNPATH_SEARCH_PATHS = (
					"$(inherited)",
					"@executable_path/Frameworks",
				);
				MARKETING_VERSION = 1.0;
				PRODUCT_BUNDLE_IDENTIFIER = ryomuranaka.HealthKitSample;
				PRODUCT_NAME = "$(TARGET_NAME)";
				SWIFT_EMIT_LOC_STRINGS = YES;
				SWIFT_VERSION = 5.0;
				TARGETED_DEVICE_FAMILY = "1,2";
			};
			name = Release;
		};
/* End XCBuildConfiguration section */

/* Begin XCConfigurationList section */
		66765B5A2BF40A2500EF882B /* Build configuration list for PBXNativeTarget "HealthKitSampleWatch Watch App" */ = {
			isa = XCConfigurationList;
			buildConfigurations = (
				66765B5B2BF40A2500EF882B /* Debug */,
				66765B5C2BF40A2500EF882B /* Release */,
			);
			defaultConfigurationIsVisible = 0;
			defaultConfigurationName = Release;
		};
		66789D8F2BE09DCF00C67FD3 /* Build configuration list for PBXProject "HealthKitSample" */ = {
			isa = XCConfigurationList;
			buildConfigurations = (
				66789DA02BE09DD100C67FD3 /* Debug */,
				66789DA12BE09DD100C67FD3 /* Release */,
			);
			defaultConfigurationIsVisible = 0;
			defaultConfigurationName = Release;
		};
		66789DA22BE09DD100C67FD3 /* Build configuration list for PBXNativeTarget "HealthKitSample" */ = {
			isa = XCConfigurationList;
			buildConfigurations = (
				66789DA32BE09DD100C67FD3 /* Debug */,
				66789DA42BE09DD100C67FD3 /* Release */,
			);
			defaultConfigurationIsVisible = 0;
			defaultConfigurationName = Release;
		};
/* End XCConfigurationList section */
	};
	rootObject = 66789D8C2BE09DCF00C67FD3 /* Project object */;
}
